// !$*UTF8*$!
{
	archiveVersion = 1;
	classes = {
	};
	objectVersion = 55;
	objects = {

/* Begin PBXBuildFile section */
		DE32477CE8464A71B354B39C /* Pods_RecipeGoApp.framework in Frameworks */ = {isa = PBXBuildFile; fileRef = 6AE092CF83851EC33F5DF393 /* Pods_RecipeGoApp.framework */; };
		E3E8633628FCB95A006DE606 /* RecipeGoAppApp.swift in Sources */ = {isa = PBXBuildFile; fileRef = E3E8633528FCB95A006DE606 /* RecipeGoAppApp.swift */; };
		E3E8633828FCB95A006DE606 /* TabBarController.swift in Sources */ = {isa = PBXBuildFile; fileRef = E3E8633728FCB95A006DE606 /* TabBarController.swift */; };
		E3E8633A28FCB95C006DE606 /* Assets.xcassets in Resources */ = {isa = PBXBuildFile; fileRef = E3E8633928FCB95C006DE606 /* Assets.xcassets */; };
		E3E8633D28FCB95C006DE606 /* Preview Assets.xcassets in Resources */ = {isa = PBXBuildFile; fileRef = E3E8633C28FCB95C006DE606 /* Preview Assets.xcassets */; };
		E3E8634428FCBAF4006DE606 /* GoogleService-Info.plist in Resources */ = {isa = PBXBuildFile; fileRef = E3E8634328FCBAF4006DE606 /* GoogleService-Info.plist */; };
		E3E8634828FCC230006DE606 /* LoginViewController.swift in Sources */ = {isa = PBXBuildFile; fileRef = E3E8634728FCC230006DE606 /* LoginViewController.swift */; };
		E3E8634A28FCC263006DE606 /* SignUpViewController.swift in Sources */ = {isa = PBXBuildFile; fileRef = E3E8634928FCC263006DE606 /* SignUpViewController.swift */; };
/* End PBXBuildFile section */

/* Begin PBXFileReference section */
		6AE092CF83851EC33F5DF393 /* Pods_RecipeGoApp.framework */ = {isa = PBXFileReference; explicitFileType = wrapper.framework; includeInIndex = 0; path = Pods_RecipeGoApp.framework; sourceTree = BUILT_PRODUCTS_DIR; };
		8C703CB7CF0C83C941CDA8A7 /* Pods-RecipeGoApp.debug.xcconfig */ = {isa = PBXFileReference; includeInIndex = 1; lastKnownFileType = text.xcconfig; name = "Pods-RecipeGoApp.debug.xcconfig"; path = "Target Support Files/Pods-RecipeGoApp/Pods-RecipeGoApp.debug.xcconfig"; sourceTree = "<group>"; };
		98BD2C0C8168C52399B82DBC /* Pods-RecipeGoApp.release.xcconfig */ = {isa = PBXFileReference; includeInIndex = 1; lastKnownFileType = text.xcconfig; name = "Pods-RecipeGoApp.release.xcconfig"; path = "Target Support Files/Pods-RecipeGoApp/Pods-RecipeGoApp.release.xcconfig"; sourceTree = "<group>"; };
		E3E8633228FCB95A006DE606 /* RecipeGoApp.app */ = {isa = PBXFileReference; explicitFileType = wrapper.application; includeInIndex = 0; path = RecipeGoApp.app; sourceTree = BUILT_PRODUCTS_DIR; };
		E3E8633528FCB95A006DE606 /* RecipeGoAppApp.swift */ = {isa = PBXFileReference; lastKnownFileType = sourcecode.swift; path = RecipeGoAppApp.swift; sourceTree = "<group>"; };
		E3E8633728FCB95A006DE606 /* TabBarController.swift */ = {isa = PBXFileReference; lastKnownFileType = sourcecode.swift; path = TabBarController.swift; sourceTree = "<group>"; };
		E3E8633928FCB95C006DE606 /* Assets.xcassets */ = {isa = PBXFileReference; lastKnownFileType = folder.assetcatalog; path = Assets.xcassets; sourceTree = "<group>"; };
		E3E8633C28FCB95C006DE606 /* Preview Assets.xcassets */ = {isa = PBXFileReference; lastKnownFileType = folder.assetcatalog; path = "Preview Assets.xcassets"; sourceTree = "<group>"; };
		E3E8634328FCBAF4006DE606 /* GoogleService-Info.plist */ = {isa = PBXFileReference; fileEncoding = 4; lastKnownFileType = text.plist.xml; path = "GoogleService-Info.plist"; sourceTree = "<group>"; };
		E3E8634728FCC230006DE606 /* LoginViewController.swift */ = {isa = PBXFileReference; lastKnownFileType = sourcecode.swift; path = LoginViewController.swift; sourceTree = "<group>"; };
		E3E8634928FCC263006DE606 /* SignUpViewController.swift */ = {isa = PBXFileReference; lastKnownFileType = sourcecode.swift; path = SignUpViewController.swift; sourceTree = "<group>"; };
/* End PBXFileReference section */

/* Begin PBXFrameworksBuildPhase section */
		E3E8632F28FCB95A006DE606 /* Frameworks */ = {
			isa = PBXFrameworksBuildPhase;
			buildActionMask = 2147483647;
			files = (
				DE32477CE8464A71B354B39C /* Pods_RecipeGoApp.framework in Frameworks */,
			);
			runOnlyForDeploymentPostprocessing = 0;
		};
/* End PBXFrameworksBuildPhase section */

/* Begin PBXGroup section */
		0BC1B277E53EFBC05439D120 /* Frameworks */ = {
			isa = PBXGroup;
			children = (
				6AE092CF83851EC33F5DF393 /* Pods_RecipeGoApp.framework */,
			);
			name = Frameworks;
			sourceTree = "<group>";
		};
		8EBD6911BC0AFD40531C4501 /* Pods */ = {
			isa = PBXGroup;
			children = (
				8C703CB7CF0C83C941CDA8A7 /* Pods-RecipeGoApp.debug.xcconfig */,
				98BD2C0C8168C52399B82DBC /* Pods-RecipeGoApp.release.xcconfig */,
			);
			path = Pods;
			sourceTree = "<group>";
		};
		E3E8632928FCB95A006DE606 = {
			isa = PBXGroup;
			children = (
				E3E8633428FCB95A006DE606 /* RecipeGoApp */,
				E3E8633328FCB95A006DE606 /* Products */,
				8EBD6911BC0AFD40531C4501 /* Pods */,
				0BC1B277E53EFBC05439D120 /* Frameworks */,
			);
			sourceTree = "<group>";
		};
		E3E8633328FCB95A006DE606 /* Products */ = {
			isa = PBXGroup;
			children = (
				E3E8633228FCB95A006DE606 /* RecipeGoApp.app */,
			);
			name = Products;
			sourceTree = "<group>";
		};
		E3E8633428FCB95A006DE606 /* RecipeGoApp */ = {
			isa = PBXGroup;
			children = (
				E3E8634328FCBAF4006DE606 /* GoogleService-Info.plist */,
				E3E8633528FCB95A006DE606 /* RecipeGoAppApp.swift */,
				E3E8633728FCB95A006DE606 /* TabBarController.swift */,
				E3E8634728FCC230006DE606 /* LoginViewController.swift */,
				E3E8634928FCC263006DE606 /* SignUpViewController.swift */,
				E3E8633928FCB95C006DE606 /* Assets.xcassets */,
				E3E8633B28FCB95C006DE606 /* Preview Content */,
			);
			path = RecipeGoApp;
			sourceTree = "<group>";
		};
		E3E8633B28FCB95C006DE606 /* Preview Content */ = {
			isa = PBXGroup;
			children = (
				E3E8633C28FCB95C006DE606 /* Preview Assets.xcassets */,
			);
			path = "Preview Content";
			sourceTree = "<group>";
		};
/* End PBXGroup section */

/* Begin PBXNativeTarget section */
		E3E8633128FCB95A006DE606 /* RecipeGoApp */ = {
			isa = PBXNativeTarget;
			buildConfigurationList = E3E8634028FCB95C006DE606 /* Build configuration list for PBXNativeTarget "RecipeGoApp" */;
			buildPhases = (
				202B1A8C7E88BEEC55C0A1AE /* [CP] Check Pods Manifest.lock */,
				E3E8632E28FCB95A006DE606 /* Sources */,
				E3E8632F28FCB95A006DE606 /* Frameworks */,
				E3E8633028FCB95A006DE606 /* Resources */,
				9FB1B016B13C106E98B95D28 /* [CP] Embed Pods Frameworks */,
			);
			buildRules = (
			);
			dependencies = (
			);
			name = RecipeGoApp;
			productName = RecipeGoApp;
			productReference = E3E8633228FCB95A006DE606 /* RecipeGoApp.app */;
			productType = "com.apple.product-type.application";
		};
/* End PBXNativeTarget section */

/* Begin PBXProject section */
		E3E8632A28FCB95A006DE606 /* Project object */ = {
			isa = PBXProject;
			attributes = {
				BuildIndependentTargetsInParallel = 1;
				LastSwiftUpdateCheck = 1400;
				LastUpgradeCheck = 1400;
				TargetAttributes = {
					E3E8633128FCB95A006DE606 = {
						CreatedOnToolsVersion = 14.0.1;
					};
				};
			};
			buildConfigurationList = E3E8632D28FCB95A006DE606 /* Build configuration list for PBXProject "RecipeGoApp" */;
			compatibilityVersion = "Xcode 13.0";
			developmentRegion = en;
			hasScannedForEncodings = 0;
			knownRegions = (
				en,
				Base,
			);
			mainGroup = E3E8632928FCB95A006DE606;
			productRefGroup = E3E8633328FCB95A006DE606 /* Products */;
			projectDirPath = "";
			projectRoot = "";
			targets = (
				E3E8633128FCB95A006DE606 /* RecipeGoApp */,
			);
		};
/* End PBXProject section */

/* Begin PBXResourcesBuildPhase section */
		E3E8633028FCB95A006DE606 /* Resources */ = {
			isa = PBXResourcesBuildPhase;
			buildActionMask = 2147483647;
			files = (
				E3E8633D28FCB95C006DE606 /* Preview Assets.xcassets in Resources */,
				E3E8634428FCBAF4006DE606 /* GoogleService-Info.plist in Resources */,
				E3E8633A28FCB95C006DE606 /* Assets.xcassets in Resources */,
			);
			runOnlyForDeploymentPostprocessing = 0;
		};
/* End PBXResourcesBuildPhase section */

/* Begin PBXShellScriptBuildPhase section */
		202B1A8C7E88BEEC55C0A1AE /* [CP] Check Pods Manifest.lock */ = {
			isa = PBXShellScriptBuildPhase;
			buildActionMask = 2147483647;
			files = (
			);
			inputFileListPaths = (
			);
			inputPaths = (
				"${PODS_PODFILE_DIR_PATH}/Podfile.lock",
				"${PODS_ROOT}/Manifest.lock",
			);
			name = "[CP] Check Pods Manifest.lock";
			outputFileListPaths = (
			);
			outputPaths = (
				"$(DERIVED_FILE_DIR)/Pods-RecipeGoApp-checkManifestLockResult.txt",
			);
			runOnlyForDeploymentPostprocessing = 0;
			shellPath = /bin/sh;
			shellScript = "diff \"${PODS_PODFILE_DIR_PATH}/Podfile.lock\" \"${PODS_ROOT}/Manifest.lock\" > /dev/null\nif [ $? != 0 ] ; then\n    # print error to STDERR\n    echo \"error: The sandbox is not in sync with the Podfile.lock. Run 'pod install' or update your CocoaPods installation.\" >&2\n    exit 1\nfi\n# This output is used by Xcode 'outputs' to avoid re-running this script phase.\necho \"SUCCESS\" > \"${SCRIPT_OUTPUT_FILE_0}\"\n";
			showEnvVarsInLog = 0;
		};
		9FB1B016B13C106E98B95D28 /* [CP] Embed Pods Frameworks */ = {
			isa = PBXShellScriptBuildPhase;
			buildActionMask = 2147483647;
			files = (
			);
			inputFileListPaths = (
				"${PODS_ROOT}/Target Support Files/Pods-RecipeGoApp/Pods-RecipeGoApp-frameworks-${CONFIGURATION}-input-files.xcfilelist",
			);
			name = "[CP] Embed Pods Frameworks";
			outputFileListPaths = (
				"${PODS_ROOT}/Target Support Files/Pods-RecipeGoApp/Pods-RecipeGoApp-frameworks-${CONFIGURATION}-output-files.xcfilelist",
			);
			runOnlyForDeploymentPostprocessing = 0;
			shellPath = /bin/sh;
			shellScript = "\"${PODS_ROOT}/Target Support Files/Pods-RecipeGoApp/Pods-RecipeGoApp-frameworks.sh\"\n";
			showEnvVarsInLog = 0;
		};
/* End PBXShellScriptBuildPhase section */

/* Begin PBXSourcesBuildPhase section */
		E3E8632E28FCB95A006DE606 /* Sources */ = {
			isa = PBXSourcesBuildPhase;
			buildActionMask = 2147483647;
			files = (
				E3E8634828FCC230006DE606 /* LoginViewController.swift in Sources */,
				E3E8633828FCB95A006DE606 /* TabBarController.swift in Sources */,
				E3E8634A28FCC263006DE606 /* SignUpViewController.swift in Sources */,
				E3E8633628FCB95A006DE606 /* RecipeGoAppApp.swift in Sources */,
			);
			runOnlyForDeploymentPostprocessing = 0;
		};
/* End PBXSourcesBuildPhase section */

/* Begin XCBuildConfiguration section */
		E3E8633E28FCB95C006DE606 /* Debug */ = {
			isa = XCBuildConfiguration;
			buildSettings = {
				ALWAYS_SEARCH_USER_PATHS = NO;
				CLANG_ANALYZER_NONNULL = YES;
				CLANG_ANALYZER_NUMBER_OBJECT_CONVERSION = YES_AGGRESSIVE;
				CLANG_CXX_LANGUAGE_STANDARD = "gnu++20";
				CLANG_ENABLE_MODULES = YES;
				CLANG_ENABLE_OBJC_ARC = YES;
				CLANG_ENABLE_OBJC_WEAK = YES;
				CLANG_WARN_BLOCK_CAPTURE_AUTORELEASING = YES;
				CLANG_WARN_BOOL_CONVERSION = YES;
				CLANG_WARN_COMMA = YES;
				CLANG_WARN_CONSTANT_CONVERSION = YES;
				CLANG_WARN_DEPRECATED_OBJC_IMPLEMENTATIONS = YES;
				CLANG_WARN_DIRECT_OBJC_ISA_USAGE = YES_ERROR;
				CLANG_WARN_DOCUMENTATION_COMMENTS = YES;
				CLANG_WARN_EMPTY_BODY = YES;
				CLANG_WARN_ENUM_CONVERSION = YES;
				CLANG_WARN_INFINITE_RECURSION = YES;
				CLANG_WARN_INT_CONVERSION = YES;
				CLANG_WARN_NON_LITERAL_NULL_CONVERSION = YES;
				CLANG_WARN_OBJC_IMPLICIT_RETAIN_SELF = YES;
				CLANG_WARN_OBJC_LITERAL_CONVERSION = YES;
				CLANG_WARN_OBJC_ROOT_CLASS = YES_ERROR;
				CLANG_WARN_QUOTED_INCLUDE_IN_FRAMEWORK_HEADER = YES;
				CLANG_WARN_RANGE_LOOP_ANALYSIS = YES;
				CLANG_WARN_STRICT_PROTOTYPES = YES;
				CLANG_WARN_SUSPICIOUS_MOVE = YES;
				CLANG_WARN_UNGUARDED_AVAILABILITY = YES_AGGRESSIVE;
				CLANG_WARN_UNREACHABLE_CODE = YES;
				CLANG_WARN__DUPLICATE_METHOD_MATCH = YES;
				COPY_PHASE_STRIP = NO;
				DEBUG_INFORMATION_FORMAT = dwarf;
				ENABLE_STRICT_OBJC_MSGSEND = YES;
				ENABLE_TESTABILITY = YES;
				GCC_C_LANGUAGE_STANDARD = gnu11;
				GCC_DYNAMIC_NO_PIC = NO;
				GCC_NO_COMMON_BLOCKS = YES;
				GCC_OPTIMIZATION_LEVEL = 0;
				GCC_PREPROCESSOR_DEFINITIONS = (
					"DEBUG=1",
					"$(inherited)",
				);
				GCC_WARN_64_TO_32_BIT_CONVERSION = YES;
				GCC_WARN_ABOUT_RETURN_TYPE = YES_ERROR;
				GCC_WARN_UNDECLARED_SELECTOR = YES;
				GCC_WARN_UNINITIALIZED_AUTOS = YES_AGGRESSIVE;
				GCC_WARN_UNUSED_FUNCTION = YES;
				GCC_WARN_UNUSED_VARIABLE = YES;
				IPHONEOS_DEPLOYMENT_TARGET = 16.0;
				MTL_ENABLE_DEBUG_INFO = INCLUDE_SOURCE;
				MTL_FAST_MATH = YES;
				ONLY_ACTIVE_ARCH = YES;
				SDKROOT = iphoneos;
				SWIFT_ACTIVE_COMPILATION_CONDITIONS = DEBUG;
				SWIFT_OPTIMIZATION_LEVEL = "-Onone";
			};
			name = Debug;
		};
		E3E8633F28FCB95C006DE606 /* Release */ = {
			isa = XCBuildConfiguration;
			buildSettings = {
				ALWAYS_SEARCH_USER_PATHS = NO;
				CLANG_ANALYZER_NONNULL = YES;
				CLANG_ANALYZER_NUMBER_OBJECT_CONVERSION = YES_AGGRESSIVE;
				CLANG_CXX_LANGUAGE_STANDARD = "gnu++20";
				CLANG_ENABLE_MODULES = YES;
				CLANG_ENABLE_OBJC_ARC = YES;
				CLANG_ENABLE_OBJC_WEAK = YES;
				CLANG_WARN_BLOCK_CAPTURE_AUTORELEASING = YES;
				CLANG_WARN_BOOL_CONVERSION = YES;
				CLANG_WARN_COMMA = YES;
				CLANG_WARN_CONSTANT_CONVERSION = YES;
				CLANG_WARN_DEPRECATED_OBJC_IMPLEMENTATIONS = YES;
				CLANG_WARN_DIRECT_OBJC_ISA_USAGE = YES_ERROR;
				CLANG_WARN_DOCUMENTATION_COMMENTS = YES;
				CLANG_WARN_EMPTY_BODY = YES;
				CLANG_WARN_ENUM_CONVERSION = YES;
				CLANG_WARN_INFINITE_RECURSION = YES;
				CLANG_WARN_INT_CONVERSION = YES;
				CLANG_WARN_NON_LITERAL_NULL_CONVERSION = YES;
				CLANG_WARN_OBJC_IMPLICIT_RETAIN_SELF = YES;
				CLANG_WARN_OBJC_LITERAL_CONVERSION = YES;
				CLANG_WARN_OBJC_ROOT_CLASS = YES_ERROR;
				CLANG_WARN_QUOTED_INCLUDE_IN_FRAMEWORK_HEADER = YES;
				CLANG_WARN_RANGE_LOOP_ANALYSIS = YES;
				CLANG_WARN_STRICT_PROTOTYPES = YES;
				CLANG_WARN_SUSPICIOUS_MOVE = YES;
				CLANG_WARN_UNGUARDED_AVAILABILITY = YES_AGGRESSIVE;
				CLANG_WARN_UNREACHABLE_CODE = YES;
				CLANG_WARN__DUPLICATE_METHOD_MATCH = YES;
				COPY_PHASE_STRIP = NO;
				DEBUG_INFORMATION_FORMAT = "dwarf-with-dsym";
				ENABLE_NS_ASSERTIONS = NO;
				ENABLE_STRICT_OBJC_MSGSEND = YES;
				GCC_C_LANGUAGE_STANDARD = gnu11;
				GCC_NO_COMMON_BLOCKS = YES;
				GCC_WARN_64_TO_32_BIT_CONVERSION = YES;
				GCC_WARN_ABOUT_RETURN_TYPE = YES_ERROR;
				GCC_WARN_UNDECLARED_SELECTOR = YES;
				GCC_WARN_UNINITIALIZED_AUTOS = YES_AGGRESSIVE;
				GCC_WARN_UNUSED_FUNCTION = YES;
				GCC_WARN_UNUSED_VARIABLE = YES;
				IPHONEOS_DEPLOYMENT_TARGET = 16.0;
				MTL_ENABLE_DEBUG_INFO = NO;
				MTL_FAST_MATH = YES;
				SDKROOT = iphoneos;
				SWIFT_COMPILATION_MODE = wholemodule;
				SWIFT_OPTIMIZATION_LEVEL = "-O";
				VALIDATE_PRODUCT = YES;
			};
			name = Release;
		};
		E3E8634128FCB95C006DE606 /* Debug */ = {
			isa = XCBuildConfiguration;
			baseConfigurationReference = 8C703CB7CF0C83C941CDA8A7 /* Pods-RecipeGoApp.debug.xcconfig */;
			buildSettings = {
				ASSETCATALOG_COMPILER_APPICON_NAME = AppIcon;
				ASSETCATALOG_COMPILER_GLOBAL_ACCENT_COLOR_NAME = AccentColor;
				CODE_SIGN_STYLE = Automatic;
				CURRENT_PROJECT_VERSION = 1;
				DEVELOPMENT_ASSET_PATHS = "\"RecipeGoApp/Preview Content\"";
				ENABLE_PREVIEWS = YES;
				GENERATE_INFOPLIST_FILE = YES;
				INFOPLIST_KEY_UIApplicationSceneManifest_Generation = YES;
				INFOPLIST_KEY_UIApplicationSupportsIndirectInputEvents = YES;
				INFOPLIST_KEY_UILaunchScreen_Generation = YES;
				INFOPLIST_KEY_UISupportedInterfaceOrientations_iPad = "UIInterfaceOrientationPortrait UIInterfaceOrientationPortraitUpsideDown UIInterfaceOrientationLandscapeLeft UIInterfaceOrientationLandscapeRight";
				INFOPLIST_KEY_UISupportedInterfaceOrientations_iPhone = "UIInterfaceOrientationPortrait UIInterfaceOrientationLandscapeLeft UIInterfaceOrientationLandscapeRight";
				LD_RUNPATH_SEARCH_PATHS = (
					"$(inherited)",
					"@executable_path/Frameworks",
				);
				MARKETING_VERSION = 1.0;
				PRODUCT_BUNDLE_IDENTIFIER = com.ClioRamirez.RecipeGoApp;
				PRODUCT_NAME = "$(TARGET_NAME)";
				SWIFT_EMIT_LOC_STRINGS = YES;
				SWIFT_VERSION = 5.0;
				TARGETED_DEVICE_FAMILY = "1,2";
			};
			name = Debug;
		};
		E3E8634228FCB95C006DE606 /* Release */ = {
			isa = XCBuildConfiguration;
			baseConfigurationReference = 98BD2C0C8168C52399B82DBC /* Pods-RecipeGoApp.release.xcconfig */;
			buildSettings = {
				ASSETCATALOG_COMPILER_APPICON_NAME = AppIcon;
				ASSETCATALOG_COMPILER_GLOBAL_ACCENT_COLOR_NAME = AccentColor;
				CODE_SIGN_STYLE = Automatic;
				CURRENT_PROJECT_VERSION = 1;
				DEVELOPMENT_ASSET_PATHS = "\"RecipeGoApp/Preview Content\"";
				ENABLE_PREVIEWS = YES;
				GENERATE_INFOPLIST_FILE = YES;
				INFOPLIST_KEY_UIApplicationSceneManifest_Generation = YES;
				INFOPLIST_KEY_UIApplicationSupportsIndirectInputEvents = YES;
				INFOPLIST_KEY_UILaunchScreen_Generation = YES;
				INFOPLIST_KEY_UISupportedInterfaceOrientations_iPad = "UIInterfaceOrientationPortrait UIInterfaceOrientationPortraitUpsideDown UIInterfaceOrientationLandscapeLeft UIInterfaceOrientationLandscapeRight";
				INFOPLIST_KEY_UISupportedInterfaceOrientations_iPhone = "UIInterfaceOrientationPortrait UIInterfaceOrientationLandscapeLeft UIInterfaceOrientationLandscapeRight";
				LD_RUNPATH_SEARCH_PATHS = (
					"$(inherited)",
					"@executable_path/Frameworks",
				);
				MARKETING_VERSION = 1.0;
				PRODUCT_BUNDLE_IDENTIFIER = com.ClioRamirez.RecipeGoApp;
				PRODUCT_NAME = "$(TARGET_NAME)";
				SWIFT_EMIT_LOC_STRINGS = YES;
				SWIFT_VERSION = 5.0;
				TARGETED_DEVICE_FAMILY = "1,2";
			};
			name = Release;
		};
/* End XCBuildConfiguration section */

/* Begin XCConfigurationList section */
		E3E8632D28FCB95A006DE606 /* Build configuration list for PBXProject "RecipeGoApp" */ = {
			isa = XCConfigurationList;
			buildConfigurations = (
				E3E8633E28FCB95C006DE606 /* Debug */,
				E3E8633F28FCB95C006DE606 /* Release */,
			);
			defaultConfigurationIsVisible = 0;
			defaultConfigurationName = Release;
		};
		E3E8634028FCB95C006DE606 /* Build configuration list for PBXNativeTarget "RecipeGoApp" */ = {
			isa = XCConfigurationList;
			buildConfigurations = (
				E3E8634128FCB95C006DE606 /* Debug */,
				E3E8634228FCB95C006DE606 /* Release */,
			);
			defaultConfigurationIsVisible = 0;
			defaultConfigurationName = Release;
		};
/* End XCConfigurationList section */
	};
	rootObject = E3E8632A28FCB95A006DE606 /* Project object */;
}
