// !$*UTF8*$!
{
	archiveVersion = 1;
	classes = {
	};
	objectVersion = 56;
	objects = {

/* Begin PBXBuildFile section */
		F294D3D628FD089800136164 /* RecipeGov_2App.swift in Sources */ = {isa = PBXBuildFile; fileRef = F294D3D528FD089800136164 /* RecipeGov_2App.swift */; };
		F294D3D828FD089800136164 /* ContentView.swift in Sources */ = {isa = PBXBuildFile; fileRef = F294D3D728FD089800136164 /* ContentView.swift */; };
		F294D3DA28FD089A00136164 /* Assets.xcassets in Resources */ = {isa = PBXBuildFile; fileRef = F294D3D928FD089A00136164 /* Assets.xcassets */; };
		F294D3DD28FD089A00136164 /* Preview Assets.xcassets in Resources */ = {isa = PBXBuildFile; fileRef = F294D3DC28FD089A00136164 /* Preview Assets.xcassets */; };
		F294D3E428FD08FF00136164 /* Profile.swift in Sources */ = {isa = PBXBuildFile; fileRef = F294D3E328FD08FF00136164 /* Profile.swift */; };
		F294D3E628FD090900136164 /* Post.swift in Sources */ = {isa = PBXBuildFile; fileRef = F294D3E528FD090900136164 /* Post.swift */; };
		F294D3E828FD091700136164 /* PostsList.swift in Sources */ = {isa = PBXBuildFile; fileRef = F294D3E728FD091700136164 /* PostsList.swift */; };
		F294D3EA28FD091C00136164 /* PostRow.swift in Sources */ = {isa = PBXBuildFile; fileRef = F294D3E928FD091C00136164 /* PostRow.swift */; };
		F294D3EC28FD092200136164 /* NewPostTemplate.swift in Sources */ = {isa = PBXBuildFile; fileRef = F294D3EB28FD092200136164 /* NewPostTemplate.swift */; };
		F294D3EE28FD093600136164 /* ImagePickerButton.swift in Sources */ = {isa = PBXBuildFile; fileRef = F294D3ED28FD093600136164 /* ImagePickerButton.swift */; };
		F294D3F028FD094200136164 /* PostsViewModel.swift in Sources */ = {isa = PBXBuildFile; fileRef = F294D3EF28FD094200136164 /* PostsViewModel.swift */; };
		F294D3F228FD099500136164 /* GoogleService-Info.plist in Resources */ = {isa = PBXBuildFile; fileRef = F294D3F128FD099500136164 /* GoogleService-Info.plist */; };
		F294D3F428FD09B600136164 /* PostsRepository.swift in Sources */ = {isa = PBXBuildFile; fileRef = F294D3F328FD09B500136164 /* PostsRepository.swift */; };
/* End PBXBuildFile section */

/* Begin PBXFileReference section */
		F294D3D228FD089800136164 /* RecipeGov.2.app */ = {isa = PBXFileReference; explicitFileType = wrapper.application; includeInIndex = 0; path = RecipeGov.2.app; sourceTree = BUILT_PRODUCTS_DIR; };
		F294D3D528FD089800136164 /* RecipeGov_2App.swift */ = {isa = PBXFileReference; lastKnownFileType = sourcecode.swift; path = RecipeGov_2App.swift; sourceTree = "<group>"; };
		F294D3D728FD089800136164 /* ContentView.swift */ = {isa = PBXFileReference; lastKnownFileType = sourcecode.swift; path = ContentView.swift; sourceTree = "<group>"; };
		F294D3D928FD089A00136164 /* Assets.xcassets */ = {isa = PBXFileReference; lastKnownFileType = folder.assetcatalog; path = Assets.xcassets; sourceTree = "<group>"; };
		F294D3DC28FD089A00136164 /* Preview Assets.xcassets */ = {isa = PBXFileReference; lastKnownFileType = folder.assetcatalog; path = "Preview Assets.xcassets"; sourceTree = "<group>"; };
		F294D3E328FD08FF00136164 /* Profile.swift */ = {isa = PBXFileReference; fileEncoding = 4; lastKnownFileType = sourcecode.swift; path = Profile.swift; sourceTree = "<group>"; };
		F294D3E528FD090900136164 /* Post.swift */ = {isa = PBXFileReference; fileEncoding = 4; lastKnownFileType = sourcecode.swift; path = Post.swift; sourceTree = "<group>"; };
		F294D3E728FD091700136164 /* PostsList.swift */ = {isa = PBXFileReference; fileEncoding = 4; lastKnownFileType = sourcecode.swift; path = PostsList.swift; sourceTree = "<group>"; };
		F294D3E928FD091C00136164 /* PostRow.swift */ = {isa = PBXFileReference; fileEncoding = 4; lastKnownFileType = sourcecode.swift; path = PostRow.swift; sourceTree = "<group>"; };
		F294D3EB28FD092200136164 /* NewPostTemplate.swift */ = {isa = PBXFileReference; fileEncoding = 4; lastKnownFileType = sourcecode.swift; path = NewPostTemplate.swift; sourceTree = "<group>"; };
		F294D3ED28FD093600136164 /* ImagePickerButton.swift */ = {isa = PBXFileReference; fileEncoding = 4; lastKnownFileType = sourcecode.swift; path = ImagePickerButton.swift; sourceTree = "<group>"; };
		F294D3EF28FD094200136164 /* PostsViewModel.swift */ = {isa = PBXFileReference; fileEncoding = 4; lastKnownFileType = sourcecode.swift; path = PostsViewModel.swift; sourceTree = "<group>"; };
		F294D3F128FD099500136164 /* GoogleService-Info.plist */ = {isa = PBXFileReference; fileEncoding = 4; lastKnownFileType = text.plist.xml; path = "GoogleService-Info.plist"; sourceTree = "<group>"; };
		F294D3F328FD09B500136164 /* PostsRepository.swift */ = {isa = PBXFileReference; fileEncoding = 4; lastKnownFileType = sourcecode.swift; path = PostsRepository.swift; sourceTree = "<group>"; };
/* End PBXFileReference section */

/* Begin PBXFrameworksBuildPhase section */
		F294D3CF28FD089800136164 /* Frameworks */ = {
			isa = PBXFrameworksBuildPhase;
			buildActionMask = 2147483647;
			files = (
			);
			runOnlyForDeploymentPostprocessing = 0;
		};
/* End PBXFrameworksBuildPhase section */

/* Begin PBXGroup section */
		F294D3C928FD089800136164 = {
			isa = PBXGroup;
			children = (
				F294D3D428FD089800136164 /* RecipeGov.2 */,
				F294D3D328FD089800136164 /* Products */,
			);
			sourceTree = "<group>";
		};
		F294D3D328FD089800136164 /* Products */ = {
			isa = PBXGroup;
			children = (
				F294D3D228FD089800136164 /* RecipeGov.2.app */,
			);
			name = Products;
			sourceTree = "<group>";
		};
		F294D3D428FD089800136164 /* RecipeGov.2 */ = {
			isa = PBXGroup;
			children = (
				F294D3D528FD089800136164 /* RecipeGov_2App.swift */,
				F294D3E328FD08FF00136164 /* Profile.swift */,
				F294D3E528FD090900136164 /* Post.swift */,
				F294D3E728FD091700136164 /* PostsList.swift */,
				F294D3E928FD091C00136164 /* PostRow.swift */,
				F294D3ED28FD093600136164 /* ImagePickerButton.swift */,
				F294D3EF28FD094200136164 /* PostsViewModel.swift */,
				F294D3EB28FD092200136164 /* NewPostTemplate.swift */,
				F294D3D728FD089800136164 /* ContentView.swift */,
				F294D3F328FD09B500136164 /* PostsRepository.swift */,
				F294D3D928FD089A00136164 /* Assets.xcassets */,
				F294D3F128FD099500136164 /* GoogleService-Info.plist */,
				F294D3DB28FD089A00136164 /* Preview Content */,
			);
			path = RecipeGov.2;
			sourceTree = "<group>";
		};
		F294D3DB28FD089A00136164 /* Preview Content */ = {
			isa = PBXGroup;
			children = (
				F294D3DC28FD089A00136164 /* Preview Assets.xcassets */,
			);
			path = "Preview Content";
			sourceTree = "<group>";
		};
/* End PBXGroup section */

/* Begin PBXNativeTarget section */
		F294D3D128FD089800136164 /* RecipeGov.2 */ = {
			isa = PBXNativeTarget;
			buildConfigurationList = F294D3E028FD089A00136164 /* Build configuration list for PBXNativeTarget "RecipeGov.2" */;
			buildPhases = (
				F294D3CE28FD089800136164 /* Sources */,
				F294D3CF28FD089800136164 /* Frameworks */,
				F294D3D028FD089800136164 /* Resources */,
			);
			buildRules = (
			);
			dependencies = (
			);
			name = RecipeGov.2;
			productName = RecipeGov.2;
			productReference = F294D3D228FD089800136164 /* RecipeGov.2.app */;
			productType = "com.apple.product-type.application";
		};
/* End PBXNativeTarget section */

/* Begin PBXProject section */
		F294D3CA28FD089800136164 /* Project object */ = {
			isa = PBXProject;
			attributes = {
				BuildIndependentTargetsInParallel = 1;
				LastSwiftUpdateCheck = 1400;
				LastUpgradeCheck = 1400;
				TargetAttributes = {
					F294D3D128FD089800136164 = {
						CreatedOnToolsVersion = 14.0.1;
					};
				};
			};
			buildConfigurationList = F294D3CD28FD089800136164 /* Build configuration list for PBXProject "RecipeGov.2" */;
			compatibilityVersion = "Xcode 14.0";
			developmentRegion = en;
			hasScannedForEncodings = 0;
			knownRegions = (
				en,
				Base,
			);
			mainGroup = F294D3C928FD089800136164;
			productRefGroup = F294D3D328FD089800136164 /* Products */;
			projectDirPath = "";
			projectRoot = "";
			targets = (
				F294D3D128FD089800136164 /* RecipeGov.2 */,
			);
		};
/* End PBXProject section */

/* Begin PBXResourcesBuildPhase section */
		F294D3D028FD089800136164 /* Resources */ = {
			isa = PBXResourcesBuildPhase;
			buildActionMask = 2147483647;
			files = (
				F294D3DD28FD089A00136164 /* Preview Assets.xcassets in Resources */,
				F294D3DA28FD089A00136164 /* Assets.xcassets in Resources */,
				F294D3F228FD099500136164 /* GoogleService-Info.plist in Resources */,
			);
			runOnlyForDeploymentPostprocessing = 0;
		};
/* End PBXResourcesBuildPhase section */

/* Begin PBXSourcesBuildPhase section */
		F294D3CE28FD089800136164 /* Sources */ = {
			isa = PBXSourcesBuildPhase;
			buildActionMask = 2147483647;
			files = (
				F294D3D828FD089800136164 /* ContentView.swift in Sources */,
				F294D3E828FD091700136164 /* PostsList.swift in Sources */,
				F294D3E428FD08FF00136164 /* Profile.swift in Sources */,
				F294D3D628FD089800136164 /* RecipeGov_2App.swift in Sources */,
				F294D3EA28FD091C00136164 /* PostRow.swift in Sources */,
				F294D3F428FD09B600136164 /* PostsRepository.swift in Sources */,
				F294D3F028FD094200136164 /* PostsViewModel.swift in Sources */,
				F294D3E628FD090900136164 /* Post.swift in Sources */,
				F294D3EC28FD092200136164 /* NewPostTemplate.swift in Sources */,
				F294D3EE28FD093600136164 /* ImagePickerButton.swift in Sources */,
			);
			runOnlyForDeploymentPostprocessing = 0;
		};
/* End PBXSourcesBuildPhase section */

/* Begin XCBuildConfiguration section */
		F294D3DE28FD089A00136164 /* Debug */ = {
			isa = XCBuildConfiguration;
			buildSettings = {
				ALWAYS_SEARCH_USER_PATHS = NO;
				CLANG_ANALYZER_NONNULL = YES;
				CLANG_ANALYZER_NUMBER_OBJECT_CONVERSION = YES_AGGRESSIVE;
				CLANG_CXX_LANGUAGE_STANDARD = "gnu++20";
				CLANG_ENABLE_MODULES = YES;
				CLANG_ENABLE_OBJC_ARC = YES;
				CLANG_ENABLE_OBJC_WEAK = YES;
				CLANG_WARN_BLOCK_CAPTURE_AUTORELEASING = YES;
				CLANG_WARN_BOOL_CONVERSION = YES;
				CLANG_WARN_COMMA = YES;
				CLANG_WARN_CONSTANT_CONVERSION = YES;
				CLANG_WARN_DEPRECATED_OBJC_IMPLEMENTATIONS = YES;
				CLANG_WARN_DIRECT_OBJC_ISA_USAGE = YES_ERROR;
				CLANG_WARN_DOCUMENTATION_COMMENTS = YES;
				CLANG_WARN_EMPTY_BODY = YES;
				CLANG_WARN_ENUM_CONVERSION = YES;
				CLANG_WARN_INFINITE_RECURSION = YES;
				CLANG_WARN_INT_CONVERSION = YES;
				CLANG_WARN_NON_LITERAL_NULL_CONVERSION = YES;
				CLANG_WARN_OBJC_IMPLICIT_RETAIN_SELF = YES;
				CLANG_WARN_OBJC_LITERAL_CONVERSION = YES;
				CLANG_WARN_OBJC_ROOT_CLASS = YES_ERROR;
				CLANG_WARN_QUOTED_INCLUDE_IN_FRAMEWORK_HEADER = YES;
				CLANG_WARN_RANGE_LOOP_ANALYSIS = YES;
				CLANG_WARN_STRICT_PROTOTYPES = YES;
				CLANG_WARN_SUSPICIOUS_MOVE = YES;
				CLANG_WARN_UNGUARDED_AVAILABILITY = YES_AGGRESSIVE;
				CLANG_WARN_UNREACHABLE_CODE = YES;
				CLANG_WARN__DUPLICATE_METHOD_MATCH = YES;
				COPY_PHASE_STRIP = NO;
				DEBUG_INFORMATION_FORMAT = dwarf;
				ENABLE_STRICT_OBJC_MSGSEND = YES;
				ENABLE_TESTABILITY = YES;
				GCC_C_LANGUAGE_STANDARD = gnu11;
				GCC_DYNAMIC_NO_PIC = NO;
				GCC_NO_COMMON_BLOCKS = YES;
				GCC_OPTIMIZATION_LEVEL = 0;
				GCC_PREPROCESSOR_DEFINITIONS = (
					"DEBUG=1",
					"$(inherited)",
				);
				GCC_WARN_64_TO_32_BIT_CONVERSION = YES;
				GCC_WARN_ABOUT_RETURN_TYPE = YES_ERROR;
				GCC_WARN_UNDECLARED_SELECTOR = YES;
				GCC_WARN_UNINITIALIZED_AUTOS = YES_AGGRESSIVE;
				GCC_WARN_UNUSED_FUNCTION = YES;
				GCC_WARN_UNUSED_VARIABLE = YES;
				IPHONEOS_DEPLOYMENT_TARGET = 16.0;
				MTL_ENABLE_DEBUG_INFO = INCLUDE_SOURCE;
				MTL_FAST_MATH = YES;
				ONLY_ACTIVE_ARCH = YES;
				SDKROOT = iphoneos;
				SWIFT_ACTIVE_COMPILATION_CONDITIONS = DEBUG;
				SWIFT_OPTIMIZATION_LEVEL = "-Onone";
			};
			name = Debug;
		};
		F294D3DF28FD089A00136164 /* Release */ = {
			isa = XCBuildConfiguration;
			buildSettings = {
				ALWAYS_SEARCH_USER_PATHS = NO;
				CLANG_ANALYZER_NONNULL = YES;
				CLANG_ANALYZER_NUMBER_OBJECT_CONVERSION = YES_AGGRESSIVE;
				CLANG_CXX_LANGUAGE_STANDARD = "gnu++20";
				CLANG_ENABLE_MODULES = YES;
				CLANG_ENABLE_OBJC_ARC = YES;
				CLANG_ENABLE_OBJC_WEAK = YES;
				CLANG_WARN_BLOCK_CAPTURE_AUTORELEASING = YES;
				CLANG_WARN_BOOL_CONVERSION = YES;
				CLANG_WARN_COMMA = YES;
				CLANG_WARN_CONSTANT_CONVERSION = YES;
				CLANG_WARN_DEPRECATED_OBJC_IMPLEMENTATIONS = YES;
				CLANG_WARN_DIRECT_OBJC_ISA_USAGE = YES_ERROR;
				CLANG_WARN_DOCUMENTATION_COMMENTS = YES;
				CLANG_WARN_EMPTY_BODY = YES;
				CLANG_WARN_ENUM_CONVERSION = YES;
				CLANG_WARN_INFINITE_RECURSION = YES;
				CLANG_WARN_INT_CONVERSION = YES;
				CLANG_WARN_NON_LITERAL_NULL_CONVERSION = YES;
				CLANG_WARN_OBJC_IMPLICIT_RETAIN_SELF = YES;
				CLANG_WARN_OBJC_LITERAL_CONVERSION = YES;
				CLANG_WARN_OBJC_ROOT_CLASS = YES_ERROR;
				CLANG_WARN_QUOTED_INCLUDE_IN_FRAMEWORK_HEADER = YES;
				CLANG_WARN_RANGE_LOOP_ANALYSIS = YES;
				CLANG_WARN_STRICT_PROTOTYPES = YES;
				CLANG_WARN_SUSPICIOUS_MOVE = YES;
				CLANG_WARN_UNGUARDED_AVAILABILITY = YES_AGGRESSIVE;
				CLANG_WARN_UNREACHABLE_CODE = YES;
				CLANG_WARN__DUPLICATE_METHOD_MATCH = YES;
				COPY_PHASE_STRIP = NO;
				DEBUG_INFORMATION_FORMAT = "dwarf-with-dsym";
				ENABLE_NS_ASSERTIONS = NO;
				ENABLE_STRICT_OBJC_MSGSEND = YES;
				GCC_C_LANGUAGE_STANDARD = gnu11;
				GCC_NO_COMMON_BLOCKS = YES;
				GCC_WARN_64_TO_32_BIT_CONVERSION = YES;
				GCC_WARN_ABOUT_RETURN_TYPE = YES_ERROR;
				GCC_WARN_UNDECLARED_SELECTOR = YES;
				GCC_WARN_UNINITIALIZED_AUTOS = YES_AGGRESSIVE;
				GCC_WARN_UNUSED_FUNCTION = YES;
				GCC_WARN_UNUSED_VARIABLE = YES;
				IPHONEOS_DEPLOYMENT_TARGET = 16.0;
				MTL_ENABLE_DEBUG_INFO = NO;
				MTL_FAST_MATH = YES;
				SDKROOT = iphoneos;
				SWIFT_COMPILATION_MODE = wholemodule;
				SWIFT_OPTIMIZATION_LEVEL = "-O";
				VALIDATE_PRODUCT = YES;
			};
			name = Release;
		};
		F294D3E128FD089A00136164 /* Debug */ = {
			isa = XCBuildConfiguration;
			buildSettings = {
				ASSETCATALOG_COMPILER_APPICON_NAME = AppIcon;
				ASSETCATALOG_COMPILER_GLOBAL_ACCENT_COLOR_NAME = AccentColor;
				CODE_SIGN_STYLE = Automatic;
				CURRENT_PROJECT_VERSION = 1;
				DEVELOPMENT_ASSET_PATHS = "\"RecipeGov.2/Preview Content\"";
				ENABLE_PREVIEWS = YES;
				GENERATE_INFOPLIST_FILE = YES;
				INFOPLIST_KEY_UIApplicationSceneManifest_Generation = YES;
				INFOPLIST_KEY_UIApplicationSupportsIndirectInputEvents = YES;
				INFOPLIST_KEY_UILaunchScreen_Generation = YES;
				INFOPLIST_KEY_UISupportedInterfaceOrientations_iPad = "UIInterfaceOrientationPortrait UIInterfaceOrientationPortraitUpsideDown UIInterfaceOrientationLandscapeLeft UIInterfaceOrientationLandscapeRight";
				INFOPLIST_KEY_UISupportedInterfaceOrientations_iPhone = "UIInterfaceOrientationPortrait UIInterfaceOrientationLandscapeLeft UIInterfaceOrientationLandscapeRight";
				LD_RUNPATH_SEARCH_PATHS = (
					"$(inherited)",
					"@executable_path/Frameworks",
				);
				MARKETING_VERSION = 1.0;
				PRODUCT_BUNDLE_IDENTIFIER = "jdk.RecipeGov-2";
				PRODUCT_NAME = "$(TARGET_NAME)";
				SWIFT_EMIT_LOC_STRINGS = YES;
				SWIFT_VERSION = 5.0;
				TARGETED_DEVICE_FAMILY = "1,2";
			};
			name = Debug;
		};
		F294D3E228FD089A00136164 /* Release */ = {
			isa = XCBuildConfiguration;
			buildSettings = {
				ASSETCATALOG_COMPILER_APPICON_NAME = AppIcon;
				ASSETCATALOG_COMPILER_GLOBAL_ACCENT_COLOR_NAME = AccentColor;
				CODE_SIGN_STYLE = Automatic;
				CURRENT_PROJECT_VERSION = 1;
				DEVELOPMENT_ASSET_PATHS = "\"RecipeGov.2/Preview Content\"";
				ENABLE_PREVIEWS = YES;
				GENERATE_INFOPLIST_FILE = YES;
				INFOPLIST_KEY_UIApplicationSceneManifest_Generation = YES;
				INFOPLIST_KEY_UIApplicationSupportsIndirectInputEvents = YES;
				INFOPLIST_KEY_UILaunchScreen_Generation = YES;
				INFOPLIST_KEY_UISupportedInterfaceOrientations_iPad = "UIInterfaceOrientationPortrait UIInterfaceOrientationPortraitUpsideDown UIInterfaceOrientationLandscapeLeft UIInterfaceOrientationLandscapeRight";
				INFOPLIST_KEY_UISupportedInterfaceOrientations_iPhone = "UIInterfaceOrientationPortrait UIInterfaceOrientationLandscapeLeft UIInterfaceOrientationLandscapeRight";
				LD_RUNPATH_SEARCH_PATHS = (
					"$(inherited)",
					"@executable_path/Frameworks",
				);
				MARKETING_VERSION = 1.0;
				PRODUCT_BUNDLE_IDENTIFIER = "jdk.RecipeGov-2";
				PRODUCT_NAME = "$(TARGET_NAME)";
				SWIFT_EMIT_LOC_STRINGS = YES;
				SWIFT_VERSION = 5.0;
				TARGETED_DEVICE_FAMILY = "1,2";
			};
			name = Release;
		};
/* End XCBuildConfiguration section */

/* Begin XCConfigurationList section */
		F294D3CD28FD089800136164 /* Build configuration list for PBXProject "RecipeGov.2" */ = {
			isa = XCConfigurationList;
			buildConfigurations = (
				F294D3DE28FD089A00136164 /* Debug */,
				F294D3DF28FD089A00136164 /* Release */,
			);
			defaultConfigurationIsVisible = 0;
			defaultConfigurationName = Release;
		};
		F294D3E028FD089A00136164 /* Build configuration list for PBXNativeTarget "RecipeGov.2" */ = {
			isa = XCConfigurationList;
			buildConfigurations = (
				F294D3E128FD089A00136164 /* Debug */,
				F294D3E228FD089A00136164 /* Release */,
			);
			defaultConfigurationIsVisible = 0;
			defaultConfigurationName = Release;
		};
/* End XCConfigurationList section */
	};
	rootObject = F294D3CA28FD089800136164 /* Project object */;
}
